
Microsoft Visual Studio Solution File, Format Version 12.00
# Visual Studio Version 17
VisualStudioVersion = 17.11.35327.3
MinimumVisualStudioVersion = 10.0.40219.1
Project("{FAE04EC0-301F-11D3-BF4B-00C04F79EFBC}") = "SessionCookie.MVC", "SessionCookie.MVC\SessionCookie.MVC.csproj", "{3A17A966-0AC0-4833-A516-9DD8D36BD315}"
EndProject
Global
	GlobalSection(SolutionConfigurationPlatforms) = preSolution
		Debug|Any CPU = Debug|Any CPU
		Release|Any CPU = Release|Any CPU
	EndGlobalSection
	GlobalSection(ProjectConfigurationPlatforms) = postSolution
		{3A17A966-0AC0-4833-A516-9DD8D36BD315}.Debug|Any CPU.ActiveCfg = Debug|Any CPU
		{3A17A966-0AC0-4833-A516-9DD8D36BD315}.Debug|Any CPU.Build.0 = Debug|Any CPU
		{3A17A966-0AC0-4833-A516-9DD8D36BD315}.Release|Any CPU.ActiveCfg = Release|Any CPU
		{3A17A966-0AC0-4833-A516-9DD8D36BD315}.Release|Any CPU.Build.0 = Release|Any CPU
	EndGlobalSection
	GlobalSection(SolutionProperties) = preSolution
		HideSolutionNode = FALSE
	EndGlobalSection
	GlobalSection(ExtensibilityGlobals) = postSolution
		SolutionGuid = {045DB0F3-E353-4E28-8B9A-B42260F9F22B}
	EndGlobalSection
EndGlobal
