
Microsoft Visual Studio Solution File, Format Version 12.00
# Visual Studio Version 17
VisualStudioVersion = 17.11.35327.3
MinimumVisualStudioVersion = 10.0.40219.1
Project("{FAE04EC0-301F-11D3-BF4B-00C04F79EFBC}") = "SessionCookie.API", "SessionCookie.API\SessionCookie.API.csproj", "{FD8510DB-5188-4288-8A65-39A71806E127}"
EndProject
Global
	GlobalSection(SolutionConfigurationPlatforms) = preSolution
		Debug|Any CPU = Debug|Any CPU
		Release|Any CPU = Release|Any CPU
	EndGlobalSection
	GlobalSection(ProjectConfigurationPlatforms) = postSolution
		{FD8510DB-5188-4288-8A65-39A71806E127}.Debug|Any CPU.ActiveCfg = Debug|Any CPU
		{FD8510DB-5188-4288-8A65-39A71806E127}.Debug|Any CPU.Build.0 = Debug|Any CPU
		{FD8510DB-5188-4288-8A65-39A71806E127}.Release|Any CPU.ActiveCfg = Release|Any CPU
		{FD8510DB-5188-4288-8A65-39A71806E127}.Release|Any CPU.Build.0 = Release|Any CPU
	EndGlobalSection
	GlobalSection(SolutionProperties) = preSolution
		HideSolutionNode = FALSE
	EndGlobalSection
	GlobalSection(ExtensibilityGlobals) = postSolution
		SolutionGuid = {0278D643-01FE-4AA7-B120-FFD7440B81BE}
	EndGlobalSection
EndGlobal
